
Microsoft Visual Studio Solution File, Format Version 12.00
# Visual Studio Version 16
VisualStudioVersion = 16.0.31702.278
MinimumVisualStudioVersion = 10.0.40219.1
Project("{FAE04EC0-301F-11D3-BF4B-00C04F79EFBC}") = "Day1", "Day1\Day1.csproj", "{B446B124-2380-4B8C-AF8E-CCC59BFB0228}"
EndProject
Project("{FAE04EC0-301F-11D3-BF4B-00C04F79EFBC}") = "Day2", "Day2\Day2.csproj", "{A6766CC1-A2A6-4275-9451-5EE5996A4E53}"
EndProject
Project("{9A19103F-16F7-4668-BE54-9A1E7A4F7556}") = "Day3", "Day3\Day3.csproj", "{01591D53-887C-49EF-9F21-D08182C0B36A}"
EndProject
Project("{FAE04EC0-301F-11D3-BF4B-00C04F79EFBC}") = "Day4", "Day4\Day4.csproj", "{9B517B0D-C08A-468E-9B58-298CF9C29BDF}"
EndProject
Project("{9A19103F-16F7-4668-BE54-9A1E7A4F7556}") = "Day5", "Day5\Day5.csproj", "{DD48076E-769F-42B7-89A4-E1E9B1A98826}"
EndProject
Project("{9A19103F-16F7-4668-BE54-9A1E7A4F7556}") = "Day6", "Day6\Day6.csproj", "{E10E42B5-36E1-40B4-823E-57C36CF74D5F}"
EndProject
Project("{9A19103F-16F7-4668-BE54-9A1E7A4F7556}") = "Day7", "Day7\Day7.csproj", "{C12D9033-8C7A-4AEC-A5D6-3C60162E0DEA}"
EndProject
Project("{9A19103F-16F7-4668-BE54-9A1E7A4F7556}") = "Day8", "Day8\Day8.csproj", "{C51E2F0B-3FF6-4C82-8287-3C2AE3D308DF}"
EndProject
Project("{9A19103F-16F7-4668-BE54-9A1E7A4F7556}") = "Day9", "Day9\Day9.csproj", "{229B60E1-4BCD-4120-8A83-9B026EA1D2DE}"
EndProject
Project("{9A19103F-16F7-4668-BE54-9A1E7A4F7556}") = "Day10", "Day10\Day10.csproj", "{1204C797-D97A-4DEB-A18C-FCE51883155E}"
EndProject
Project("{FAE04EC0-301F-11D3-BF4B-00C04F79EFBC}") = "Day11", "Day11\Day11.csproj", "{0FD15A8B-7480-405A-8386-31454A38764F}"
EndProject
Global
	GlobalSection(SolutionConfigurationPlatforms) = preSolution
		Debug|Any CPU = Debug|Any CPU
		Release|Any CPU = Release|Any CPU
	EndGlobalSection
	GlobalSection(ProjectConfigurationPlatforms) = postSolution
		{B446B124-2380-4B8C-AF8E-CCC59BFB0228}.Debug|Any CPU.ActiveCfg = Debug|Any CPU
		{B446B124-2380-4B8C-AF8E-CCC59BFB0228}.Debug|Any CPU.Build.0 = Debug|Any CPU
		{B446B124-2380-4B8C-AF8E-CCC59BFB0228}.Release|Any CPU.ActiveCfg = Release|Any CPU
		{B446B124-2380-4B8C-AF8E-CCC59BFB0228}.Release|Any CPU.Build.0 = Release|Any CPU
		{A6766CC1-A2A6-4275-9451-5EE5996A4E53}.Debug|Any CPU.ActiveCfg = Debug|Any CPU
		{A6766CC1-A2A6-4275-9451-5EE5996A4E53}.Debug|Any CPU.Build.0 = Debug|Any CPU
		{A6766CC1-A2A6-4275-9451-5EE5996A4E53}.Release|Any CPU.ActiveCfg = Release|Any CPU
		{A6766CC1-A2A6-4275-9451-5EE5996A4E53}.Release|Any CPU.Build.0 = Release|Any CPU
		{01591D53-887C-49EF-9F21-D08182C0B36A}.Debug|Any CPU.ActiveCfg = Debug|Any CPU
		{01591D53-887C-49EF-9F21-D08182C0B36A}.Debug|Any CPU.Build.0 = Debug|Any CPU
		{01591D53-887C-49EF-9F21-D08182C0B36A}.Release|Any CPU.ActiveCfg = Release|Any CPU
		{01591D53-887C-49EF-9F21-D08182C0B36A}.Release|Any CPU.Build.0 = Release|Any CPU
		{9B517B0D-C08A-468E-9B58-298CF9C29BDF}.Debug|Any CPU.ActiveCfg = Debug|Any CPU
		{9B517B0D-C08A-468E-9B58-298CF9C29BDF}.Debug|Any CPU.Build.0 = Debug|Any CPU
		{9B517B0D-C08A-468E-9B58-298CF9C29BDF}.Release|Any CPU.ActiveCfg = Release|Any CPU
		{9B517B0D-C08A-468E-9B58-298CF9C29BDF}.Release|Any CPU.Build.0 = Release|Any CPU
		{DD48076E-769F-42B7-89A4-E1E9B1A98826}.Debug|Any CPU.ActiveCfg = Debug|Any CPU
		{DD48076E-769F-42B7-89A4-E1E9B1A98826}.Debug|Any CPU.Build.0 = Debug|Any CPU
		{DD48076E-769F-42B7-89A4-E1E9B1A98826}.Release|Any CPU.ActiveCfg = Release|Any CPU
		{DD48076E-769F-42B7-89A4-E1E9B1A98826}.Release|Any CPU.Build.0 = Release|Any CPU
		{E10E42B5-36E1-40B4-823E-57C36CF74D5F}.Debug|Any CPU.ActiveCfg = Debug|Any CPU
		{E10E42B5-36E1-40B4-823E-57C36CF74D5F}.Debug|Any CPU.Build.0 = Debug|Any CPU
		{E10E42B5-36E1-40B4-823E-57C36CF74D5F}.Release|Any CPU.ActiveCfg = Release|Any CPU
		{E10E42B5-36E1-40B4-823E-57C36CF74D5F}.Release|Any CPU.Build.0 = Release|Any CPU
		{C12D9033-8C7A-4AEC-A5D6-3C60162E0DEA}.Debug|Any CPU.ActiveCfg = Debug|Any CPU
		{C12D9033-8C7A-4AEC-A5D6-3C60162E0DEA}.Debug|Any CPU.Build.0 = Debug|Any CPU
		{C12D9033-8C7A-4AEC-A5D6-3C60162E0DEA}.Release|Any CPU.ActiveCfg = Release|Any CPU
		{C12D9033-8C7A-4AEC-A5D6-3C60162E0DEA}.Release|Any CPU.Build.0 = Release|Any CPU
		{C51E2F0B-3FF6-4C82-8287-3C2AE3D308DF}.Debug|Any CPU.ActiveCfg = Debug|Any CPU
		{C51E2F0B-3FF6-4C82-8287-3C2AE3D308DF}.Debug|Any CPU.Build.0 = Debug|Any CPU
		{C51E2F0B-3FF6-4C82-8287-3C2AE3D308DF}.Release|Any CPU.ActiveCfg = Release|Any CPU
		{C51E2F0B-3FF6-4C82-8287-3C2AE3D308DF}.Release|Any CPU.Build.0 = Release|Any CPU
		{229B60E1-4BCD-4120-8A83-9B026EA1D2DE}.Debug|Any CPU.ActiveCfg = Debug|Any CPU
		{229B60E1-4BCD-4120-8A83-9B026EA1D2DE}.Debug|Any CPU.Build.0 = Debug|Any CPU
		{229B60E1-4BCD-4120-8A83-9B026EA1D2DE}.Release|Any CPU.ActiveCfg = Release|Any CPU
		{229B60E1-4BCD-4120-8A83-9B026EA1D2DE}.Release|Any CPU.Build.0 = Release|Any CPU
		{1204C797-D97A-4DEB-A18C-FCE51883155E}.Debug|Any CPU.ActiveCfg = Debug|Any CPU
		{1204C797-D97A-4DEB-A18C-FCE51883155E}.Debug|Any CPU.Build.0 = Debug|Any CPU
		{1204C797-D97A-4DEB-A18C-FCE51883155E}.Release|Any CPU.ActiveCfg = Release|Any CPU
		{1204C797-D97A-4DEB-A18C-FCE51883155E}.Release|Any CPU.Build.0 = Release|Any CPU
		{0FD15A8B-7480-405A-8386-31454A38764F}.Debug|Any CPU.ActiveCfg = Debug|Any CPU
		{0FD15A8B-7480-405A-8386-31454A38764F}.Debug|Any CPU.Build.0 = Debug|Any CPU
		{0FD15A8B-7480-405A-8386-31454A38764F}.Release|Any CPU.ActiveCfg = Release|Any CPU
		{0FD15A8B-7480-405A-8386-31454A38764F}.Release|Any CPU.Build.0 = Release|Any CPU
	EndGlobalSection
	GlobalSection(SolutionProperties) = preSolution
		HideSolutionNode = FALSE
	EndGlobalSection
	GlobalSection(ExtensibilityGlobals) = postSolution
		SolutionGuid = {040E84E4-BCD3-4789-97D3-8118473F8730}
	EndGlobalSection
EndGlobal
